{
  "name": "Clase-React",
  "lockfileVersion": 3,
  "requires": true,
  "packages": {
    "": {
      "dependencies": {
        "bamboo.css": "^1.4.0"
      }
    },
    "node_modules/bamboo.css": {
      "version": "1.4.0",
      "resolved": "https://registry.npmjs.org/bamboo.css/-/bamboo.css-1.4.0.tgz",
      "integrity": "sha512-6jiEzRZ0n1GfbLuw2Tf37cJd+lcYjFxl43VH78+sixMnKFG3YorlvC95kddqYtWeMK6zmBV4PrPEkwVf4vXwgw==",
      "license": "MIT"
    }
  }
}
